
Microsoft Visual Studio Solution File, Format Version 12.00
Project("{2150E333-8FDC-42A3-9474-1A3956D46DE8}") = "src", "src", "{86DC44DB-6635-45EF-8B9D-335703F57D85}"
EndProject
Project("{2150E333-8FDC-42A3-9474-1A3956D46DE8}") = "tests", "tests", "{BD5111DA-DD19-4170-A269-6A2E1EEB9158}"
EndProject
Project("{FAE04EC0-301F-11D3-BF4B-00C04F79EFBC}") = "ProductFlow.Api", "src\ProductFlow.Api\ProductFlow.Api.csproj", "{2DB8A4C1-D324-407D-9163-7C8B4B9A511F}"
EndProject
Project("{FAE04EC0-301F-11D3-BF4B-00C04F79EFBC}") = "ProductFlow.Application", "src\ProductFlow.Application\ProductFlow.Application.csproj", "{BD56AE1F-0C11-4ED5-A3CE-EE5FE413B609}"
EndProject
Project("{FAE04EC0-301F-11D3-BF4B-00C04F79EFBC}") = "ProductFlow.Domain", "src\ProductFlow.Domain\ProductFlow.Domain.csproj", "{0ECB2C41-9F85-4F97-AAE8-65EC30346388}"
EndProject
Project("{FAE04EC0-301F-11D3-BF4B-00C04F79EFBC}") = "ProductFlow.Communication", "src\ProductFlow.Communication\ProductFlow.Communication.csproj", "{101EA481-2902-462A-B7B3-8FFE5DB1987E}"
EndProject
Project("{FAE04EC0-301F-11D3-BF4B-00C04F79EFBC}") = "ProductFlow.Exception", "src\ProductFlow.Exception\ProductFlow.Exception.csproj", "{D130EEA2-61E7-4085-8BF5-27374DA911D2}"
EndProject
Project("{FAE04EC0-301F-11D3-BF4B-00C04F79EFBC}") = "ProductFlow.Infrastructure", "src\ProductFlow.Infrastructure\ProductFlow.Infrastructure.csproj", "{72CDC618-90E7-471B-A3CB-4425ADF290BA}"
EndProject
Project("{FAE04EC0-301F-11D3-BF4B-00C04F79EFBC}") = "UseCases.Test", "tests\UseCases.Test\UseCases.Test.csproj", "{FDE0854E-DF30-44A1-A4E6-8BD5362A9C87}"
EndProject
Project("{FAE04EC0-301F-11D3-BF4B-00C04F79EFBC}") = "CommonTestUtilities", "tests\CommonTestUtilities\CommonTestUtilities.csproj", "{6C959FF8-4A86-42C6-A950-D5EC83BC0962}"
EndProject
Project("{FAE04EC0-301F-11D3-BF4B-00C04F79EFBC}") = "Validators.Tests", "tests\Validators.Tests\Validators.Tests.csproj", "{FE2048AE-8D06-4FE6-87AA-14D57A6B4265}"
EndProject
Project("{FAE04EC0-301F-11D3-BF4B-00C04F79EFBC}") = "WebApi.Test", "tests\WebApi.Test\WebApi.Test.csproj", "{62191A37-B828-4861-8379-FE449DBF5EA5}"
EndProject
Global
	GlobalSection(SolutionConfigurationPlatforms) = preSolution
		Debug|Any CPU = Debug|Any CPU
		Release|Any CPU = Release|Any CPU
	EndGlobalSection
	GlobalSection(NestedProjects) = preSolution
		{2DB8A4C1-D324-407D-9163-7C8B4B9A511F} = {86DC44DB-6635-45EF-8B9D-335703F57D85}
		{BD56AE1F-0C11-4ED5-A3CE-EE5FE413B609} = {86DC44DB-6635-45EF-8B9D-335703F57D85}
		{0ECB2C41-9F85-4F97-AAE8-65EC30346388} = {86DC44DB-6635-45EF-8B9D-335703F57D85}
		{101EA481-2902-462A-B7B3-8FFE5DB1987E} = {86DC44DB-6635-45EF-8B9D-335703F57D85}
		{D130EEA2-61E7-4085-8BF5-27374DA911D2} = {86DC44DB-6635-45EF-8B9D-335703F57D85}
		{72CDC618-90E7-471B-A3CB-4425ADF290BA} = {86DC44DB-6635-45EF-8B9D-335703F57D85}
		{FDE0854E-DF30-44A1-A4E6-8BD5362A9C87} = {BD5111DA-DD19-4170-A269-6A2E1EEB9158}
		{6C959FF8-4A86-42C6-A950-D5EC83BC0962} = {BD5111DA-DD19-4170-A269-6A2E1EEB9158}
		{FE2048AE-8D06-4FE6-87AA-14D57A6B4265} = {BD5111DA-DD19-4170-A269-6A2E1EEB9158}
		{62191A37-B828-4861-8379-FE449DBF5EA5} = {BD5111DA-DD19-4170-A269-6A2E1EEB9158}
	EndGlobalSection
	GlobalSection(ProjectConfigurationPlatforms) = postSolution
		{2DB8A4C1-D324-407D-9163-7C8B4B9A511F}.Debug|Any CPU.ActiveCfg = Debug|Any CPU
		{2DB8A4C1-D324-407D-9163-7C8B4B9A511F}.Debug|Any CPU.Build.0 = Debug|Any CPU
		{2DB8A4C1-D324-407D-9163-7C8B4B9A511F}.Release|Any CPU.ActiveCfg = Release|Any CPU
		{2DB8A4C1-D324-407D-9163-7C8B4B9A511F}.Release|Any CPU.Build.0 = Release|Any CPU
		{BD56AE1F-0C11-4ED5-A3CE-EE5FE413B609}.Debug|Any CPU.ActiveCfg = Debug|Any CPU
		{BD56AE1F-0C11-4ED5-A3CE-EE5FE413B609}.Debug|Any CPU.Build.0 = Debug|Any CPU
		{BD56AE1F-0C11-4ED5-A3CE-EE5FE413B609}.Release|Any CPU.ActiveCfg = Release|Any CPU
		{BD56AE1F-0C11-4ED5-A3CE-EE5FE413B609}.Release|Any CPU.Build.0 = Release|Any CPU
		{0ECB2C41-9F85-4F97-AAE8-65EC30346388}.Debug|Any CPU.ActiveCfg = Debug|Any CPU
		{0ECB2C41-9F85-4F97-AAE8-65EC30346388}.Debug|Any CPU.Build.0 = Debug|Any CPU
		{0ECB2C41-9F85-4F97-AAE8-65EC30346388}.Release|Any CPU.ActiveCfg = Release|Any CPU
		{0ECB2C41-9F85-4F97-AAE8-65EC30346388}.Release|Any CPU.Build.0 = Release|Any CPU
		{101EA481-2902-462A-B7B3-8FFE5DB1987E}.Debug|Any CPU.ActiveCfg = Debug|Any CPU
		{101EA481-2902-462A-B7B3-8FFE5DB1987E}.Debug|Any CPU.Build.0 = Debug|Any CPU
		{101EA481-2902-462A-B7B3-8FFE5DB1987E}.Release|Any CPU.ActiveCfg = Release|Any CPU
		{101EA481-2902-462A-B7B3-8FFE5DB1987E}.Release|Any CPU.Build.0 = Release|Any CPU
		{D130EEA2-61E7-4085-8BF5-27374DA911D2}.Debug|Any CPU.ActiveCfg = Debug|Any CPU
		{D130EEA2-61E7-4085-8BF5-27374DA911D2}.Debug|Any CPU.Build.0 = Debug|Any CPU
		{D130EEA2-61E7-4085-8BF5-27374DA911D2}.Release|Any CPU.ActiveCfg = Release|Any CPU
		{D130EEA2-61E7-4085-8BF5-27374DA911D2}.Release|Any CPU.Build.0 = Release|Any CPU
		{72CDC618-90E7-471B-A3CB-4425ADF290BA}.Debug|Any CPU.ActiveCfg = Debug|Any CPU
		{72CDC618-90E7-471B-A3CB-4425ADF290BA}.Debug|Any CPU.Build.0 = Debug|Any CPU
		{72CDC618-90E7-471B-A3CB-4425ADF290BA}.Release|Any CPU.ActiveCfg = Release|Any CPU
		{72CDC618-90E7-471B-A3CB-4425ADF290BA}.Release|Any CPU.Build.0 = Release|Any CPU
		{FDE0854E-DF30-44A1-A4E6-8BD5362A9C87}.Debug|Any CPU.ActiveCfg = Debug|Any CPU
		{FDE0854E-DF30-44A1-A4E6-8BD5362A9C87}.Debug|Any CPU.Build.0 = Debug|Any CPU
		{FDE0854E-DF30-44A1-A4E6-8BD5362A9C87}.Release|Any CPU.ActiveCfg = Release|Any CPU
		{FDE0854E-DF30-44A1-A4E6-8BD5362A9C87}.Release|Any CPU.Build.0 = Release|Any CPU
		{6C959FF8-4A86-42C6-A950-D5EC83BC0962}.Debug|Any CPU.ActiveCfg = Debug|Any CPU
		{6C959FF8-4A86-42C6-A950-D5EC83BC0962}.Debug|Any CPU.Build.0 = Debug|Any CPU
		{6C959FF8-4A86-42C6-A950-D5EC83BC0962}.Release|Any CPU.ActiveCfg = Release|Any CPU
		{6C959FF8-4A86-42C6-A950-D5EC83BC0962}.Release|Any CPU.Build.0 = Release|Any CPU
		{FE2048AE-8D06-4FE6-87AA-14D57A6B4265}.Debug|Any CPU.ActiveCfg = Debug|Any CPU
		{FE2048AE-8D06-4FE6-87AA-14D57A6B4265}.Debug|Any CPU.Build.0 = Debug|Any CPU
		{FE2048AE-8D06-4FE6-87AA-14D57A6B4265}.Release|Any CPU.ActiveCfg = Release|Any CPU
		{FE2048AE-8D06-4FE6-87AA-14D57A6B4265}.Release|Any CPU.Build.0 = Release|Any CPU
		{62191A37-B828-4861-8379-FE449DBF5EA5}.Debug|Any CPU.ActiveCfg = Debug|Any CPU
		{62191A37-B828-4861-8379-FE449DBF5EA5}.Debug|Any CPU.Build.0 = Debug|Any CPU
		{62191A37-B828-4861-8379-FE449DBF5EA5}.Release|Any CPU.ActiveCfg = Release|Any CPU
		{62191A37-B828-4861-8379-FE449DBF5EA5}.Release|Any CPU.Build.0 = Release|Any CPU
	EndGlobalSection
EndGlobal
